
Microsoft Visual Studio Solution File, Format Version 12.00
# Visual Studio 15
VisualStudioVersion = 15.0.27130.2010
MinimumVisualStudioVersion = 10.0.40219.1
Project("{FAE04EC0-301F-11D3-BF4B-00C04F79EFBC}") = "DBUpDemo", "DBUpDemo\DBUpDemo.csproj", "{6ACC4212-D377-4A62-8E73-E5CE2C526AF7}"
EndProject
Global
	GlobalSection(SolutionConfigurationPlatforms) = preSolution
		Debug|Any CPU = Debug|Any CPU
		Release|Any CPU = Release|Any CPU
	EndGlobalSection
	GlobalSection(ProjectConfigurationPlatforms) = postSolution
		{6ACC4212-D377-4A62-8E73-E5CE2C526AF7}.Debug|Any CPU.ActiveCfg = Debug|Any CPU
		{6ACC4212-D377-4A62-8E73-E5CE2C526AF7}.Debug|Any CPU.Build.0 = Debug|Any CPU
		{6ACC4212-D377-4A62-8E73-E5CE2C526AF7}.Release|Any CPU.ActiveCfg = Release|Any CPU
		{6ACC4212-D377-4A62-8E73-E5CE2C526AF7}.Release|Any CPU.Build.0 = Release|Any CPU
	EndGlobalSection
	GlobalSection(SolutionProperties) = preSolution
		HideSolutionNode = FALSE
	EndGlobalSection
	GlobalSection(ExtensibilityGlobals) = postSolution
		SolutionGuid = {85C64398-42B5-4764-A01F-F82BDC54457F}
	EndGlobalSection
EndGlobal
